{
  "version": 4,
  "terraform_version": "1.4.6",
  "serial": 5,
  "lineage": "1598a522-c53e-8382-5189-5f510a64d2b2",
  "outputs": {},
  "resources": [
    {
      "mode": "managed",
      "type": "null_resource",
      "name": "ansible",
      "provider": "provider[\"registry.terraform.io/hashicorp/null\"]",
      "instances": [
        {
          "schema_version": 0,
          "attributes": {
            "id": "3159548146105831792",
            "triggers": {
              "random_number": "28"
            }
          },
          "sensitive_attributes": [],
          "dependencies": [
            "random_integer.example"
          ]
        }
      ]
    },
    {
      "mode": "managed",
      "type": "random_integer",
      "name": "example",
      "provider": "provider[\"registry.terraform.io/hashicorp/random\"]",
      "instances": [
        {
          "schema_version": 0,
          "attributes": {
            "id": "28",
            "keepers": null,
            "max": 100,
            "min": 1,
            "result": 28,
            "seed": null
          },
          "sensitive_attributes": []
        }
      ]
    }
  ],
  "check_results": null
}
